
Microsoft Visual Studio Solution File, Format Version 12.00
# Visual Studio Version 17
VisualStudioVersion = 17.0.32014.148
MinimumVisualStudioVersion = 10.0.40219.1
Project("{FAE04EC0-301F-11D3-BF4B-00C04F79EFBC}") = "ASPWebPagesApp", "ASPWebPagesApp\ASPWebPagesApp.csproj", "{613B21E6-EADB-4844-8702-567AAE426103}"
EndProject
Global
	GlobalSection(SolutionConfigurationPlatforms) = preSolution
		Debug|Any CPU = Debug|Any CPU
		Release|Any CPU = Release|Any CPU
	EndGlobalSection
	GlobalSection(ProjectConfigurationPlatforms) = postSolution
		{613B21E6-EADB-4844-8702-567AAE426103}.Debug|Any CPU.ActiveCfg = Debug|Any CPU
		{613B21E6-EADB-4844-8702-567AAE426103}.Debug|Any CPU.Build.0 = Debug|Any CPU
		{613B21E6-EADB-4844-8702-567AAE426103}.Release|Any CPU.ActiveCfg = Release|Any CPU
		{613B21E6-EADB-4844-8702-567AAE426103}.Release|Any CPU.Build.0 = Release|Any CPU
	EndGlobalSection
	GlobalSection(SolutionProperties) = preSolution
		HideSolutionNode = FALSE
	EndGlobalSection
	GlobalSection(ExtensibilityGlobals) = postSolution
		SolutionGuid = {21B6AC50-C900-4AF8-BBBB-1CF62232F704}
	EndGlobalSection
EndGlobal
